{
  "object": {
    "pins": [
      {
        "package": "Alamofire",
        "repositoryURL": "https://github.com/Alamofire/Alamofire",
        "state": {
          "branch": null,
          "revision": "354dda32d89fc8cd4f5c46487f64957d355f53d8",
          "version": "5.6.1"
        }
      },
      {
        "package": "ASN1Decoder",
        "repositoryURL": "https://github.com/filom/ASN1Decoder",
        "state": {
          "branch": null,
          "revision": "65953a42a0f039f53c73e48fd88c02809f7db607",
          "version": "1.8.0"
        }
      },
      {
        "package": "BitByteData",
        "repositoryURL": "https://github.com/tsolomko/BitByteData",
        "state": {
          "branch": null,
          "revision": "c119e12decae8f56066df3345a4ac1a05b2f06d5",
          "version": "2.0.1"
        }
      },
      {
        "package": "Chronometer",
        "repositoryURL": "https://github.com/KittyMac/Chronometer.git",
        "state": {
          "branch": null,
          "revision": "bf49dace3be107ab11609ed428c1b7878a07be52",
          "version": "0.1.4"
        }
      },
      {
        "package": "DGCCoreLibrary",
        "repositoryURL": "https://github.com/eu-digital-green-certificates/dgca-verification-core-library-ios.git",
        "state": {
          "branch": "main",
          "revision": "1c8e2bc0010bd7df4b724701a42cf9aa2b706c5e",
          "version": null
        }
      },
      {
        "package": "Hitch",
        "repositoryURL": "https://github.com/KittyMac/Hitch.git",
        "state": {
          "branch": null,
          "revision": "eec08edd53a0d433f707d241483e03e59becafe9",
          "version": "0.4.36"
        }
      },
      {
        "package": "JOSESwift",
        "repositoryURL": "https://github.com/airsidemobile/JOSESwift.git",
        "state": {
          "branch": "master",
          "revision": "6db0244a2bc69807a397f7bcef417924e51551b3",
          "version": null
        }
      },
      {
        "package": "Sextant",
        "repositoryURL": "https://github.com/KittyMac/Sextant.git",
        "state": {
          "branch": null,
          "revision": "ce0e5bd27b04c80de12d3729f028d01155d4b2a8",
          "version": "0.4.11"
        }
      },
      {
        "package": "Spanker",
        "repositoryURL": "https://github.com/KittyMac/Spanker.git",
        "state": {
          "branch": null,
          "revision": "6becc7caf3e1648d2b9331652dc4809e91514cff",
          "version": "0.2.25"
        }
      },
      {
        "package": "SWCompression",
        "repositoryURL": "https://github.com/tsolomko/SWCompression.git",
        "state": {
          "branch": null,
          "revision": "0714d4421e1fa1e02af51cd8e615417a95f0d230",
          "version": "4.8.1"
        }
      },
      {
        "package": "SwiftCBOR",
        "repositoryURL": "https://github.com/eu-digital-green-certificates/SwiftCBOR",
        "state": {
          "branch": "master",
          "revision": "0209a2d1a30b1b42334c4ad3f8bd221b977b2273",
          "version": null
        }
      },
      {
        "package": "SwiftPath",
        "repositoryURL": "https://github.com/g-mark/SwiftPath.git",
        "state": {
          "branch": "develop",
          "revision": "63e6b808696af7f97db729b571c78830afbf925b",
          "version": null
        }
      },
      {
        "package": "SwiftyJSON",
        "repositoryURL": "https://github.com/SwiftyJSON/SwiftyJSON",
        "state": {
          "branch": null,
          "revision": "b3dcd7dbd0d488e1a7077cb33b00f2083e382f07",
          "version": "5.0.1"
        }
      }
    ]
  },
  "version": 1
}
